
Microsoft Visual Studio Solution File, Format Version 11.00
# Visual Studio 2010
Project("{FAE04EC0-301F-11D3-BF4B-00C04F79EFBC}") = "Reporter", "Reporter\Reporter.csproj", "{AB90E424-31D2-4969-8E3A-977031DCA0CA}"
EndProject
Project("{FAE04EC0-301F-11D3-BF4B-00C04F79EFBC}") = "ReporterBO", "ReporterBO\ReporterBO.csproj", "{36B281B3-F001-4E1F-8805-5DDBAD40B9BA}"
EndProject
Project("{FAE04EC0-301F-11D3-BF4B-00C04F79EFBC}") = "ReporterBOTester", "ReporterBOTester\ReporterBOTester.csproj", "{64F8B3B9-E5D7-42D5-BD84-FDF63F49AB7B}"
EndProject
Global
	GlobalSection(SolutionConfigurationPlatforms) = preSolution
		CD_ROM|Any CPU = CD_ROM|Any CPU
		CD_ROM|Mixed Platforms = CD_ROM|Mixed Platforms
		CD_ROM|x86 = CD_ROM|x86
		Debug|Any CPU = Debug|Any CPU
		Debug|Mixed Platforms = Debug|Mixed Platforms
		Debug|x86 = Debug|x86
		DVD-5|Any CPU = DVD-5|Any CPU
		DVD-5|Mixed Platforms = DVD-5|Mixed Platforms
		DVD-5|x86 = DVD-5|x86
		Release|Any CPU = Release|Any CPU
		Release|Mixed Platforms = Release|Mixed Platforms
		Release|x86 = Release|x86
		SingleImage|Any CPU = SingleImage|Any CPU
		SingleImage|Mixed Platforms = SingleImage|Mixed Platforms
		SingleImage|x86 = SingleImage|x86
	EndGlobalSection
	GlobalSection(ProjectConfigurationPlatforms) = postSolution
		{AB90E424-31D2-4969-8E3A-977031DCA0CA}.CD_ROM|Any CPU.ActiveCfg = Release|Any CPU
		{AB90E424-31D2-4969-8E3A-977031DCA0CA}.CD_ROM|Any CPU.Build.0 = Release|Any CPU
		{AB90E424-31D2-4969-8E3A-977031DCA0CA}.CD_ROM|Mixed Platforms.ActiveCfg = Release|Any CPU
		{AB90E424-31D2-4969-8E3A-977031DCA0CA}.CD_ROM|Mixed Platforms.Build.0 = Release|Any CPU
		{AB90E424-31D2-4969-8E3A-977031DCA0CA}.CD_ROM|x86.ActiveCfg = Release|Any CPU
		{AB90E424-31D2-4969-8E3A-977031DCA0CA}.Debug|Any CPU.ActiveCfg = Debug|Any CPU
		{AB90E424-31D2-4969-8E3A-977031DCA0CA}.Debug|Any CPU.Build.0 = Debug|Any CPU
		{AB90E424-31D2-4969-8E3A-977031DCA0CA}.Debug|Mixed Platforms.ActiveCfg = Debug|Any CPU
		{AB90E424-31D2-4969-8E3A-977031DCA0CA}.Debug|Mixed Platforms.Build.0 = Debug|Any CPU
		{AB90E424-31D2-4969-8E3A-977031DCA0CA}.Debug|x86.ActiveCfg = Debug|Any CPU
		{AB90E424-31D2-4969-8E3A-977031DCA0CA}.DVD-5|Any CPU.ActiveCfg = Debug|Any CPU
		{AB90E424-31D2-4969-8E3A-977031DCA0CA}.DVD-5|Any CPU.Build.0 = Debug|Any CPU
		{AB90E424-31D2-4969-8E3A-977031DCA0CA}.DVD-5|Mixed Platforms.ActiveCfg = Debug|Any CPU
		{AB90E424-31D2-4969-8E3A-977031DCA0CA}.DVD-5|Mixed Platforms.Build.0 = Debug|Any CPU
		{AB90E424-31D2-4969-8E3A-977031DCA0CA}.DVD-5|x86.ActiveCfg = Debug|Any CPU
		{AB90E424-31D2-4969-8E3A-977031DCA0CA}.Release|Any CPU.ActiveCfg = Release|Any CPU
		{AB90E424-31D2-4969-8E3A-977031DCA0CA}.Release|Any CPU.Build.0 = Release|Any CPU
		{AB90E424-31D2-4969-8E3A-977031DCA0CA}.Release|Mixed Platforms.ActiveCfg = Release|Any CPU
		{AB90E424-31D2-4969-8E3A-977031DCA0CA}.Release|Mixed Platforms.Build.0 = Release|Any CPU
		{AB90E424-31D2-4969-8E3A-977031DCA0CA}.Release|x86.ActiveCfg = Release|Any CPU
		{AB90E424-31D2-4969-8E3A-977031DCA0CA}.SingleImage|Any CPU.ActiveCfg = Release|Any CPU
		{AB90E424-31D2-4969-8E3A-977031DCA0CA}.SingleImage|Any CPU.Build.0 = Release|Any CPU
		{AB90E424-31D2-4969-8E3A-977031DCA0CA}.SingleImage|Mixed Platforms.ActiveCfg = Release|Any CPU
		{AB90E424-31D2-4969-8E3A-977031DCA0CA}.SingleImage|Mixed Platforms.Build.0 = Release|Any CPU
		{AB90E424-31D2-4969-8E3A-977031DCA0CA}.SingleImage|x86.ActiveCfg = Release|Any CPU
		{36B281B3-F001-4E1F-8805-5DDBAD40B9BA}.CD_ROM|Any CPU.ActiveCfg = Release|Any CPU
		{36B281B3-F001-4E1F-8805-5DDBAD40B9BA}.CD_ROM|Any CPU.Build.0 = Release|Any CPU
		{36B281B3-F001-4E1F-8805-5DDBAD40B9BA}.CD_ROM|Mixed Platforms.ActiveCfg = Release|Any CPU
		{36B281B3-F001-4E1F-8805-5DDBAD40B9BA}.CD_ROM|Mixed Platforms.Build.0 = Release|Any CPU
		{36B281B3-F001-4E1F-8805-5DDBAD40B9BA}.CD_ROM|x86.ActiveCfg = Release|Any CPU
		{36B281B3-F001-4E1F-8805-5DDBAD40B9BA}.Debug|Any CPU.ActiveCfg = Debug|Any CPU
		{36B281B3-F001-4E1F-8805-5DDBAD40B9BA}.Debug|Any CPU.Build.0 = Debug|Any CPU
		{36B281B3-F001-4E1F-8805-5DDBAD40B9BA}.Debug|Mixed Platforms.ActiveCfg = Debug|Any CPU
		{36B281B3-F001-4E1F-8805-5DDBAD40B9BA}.Debug|Mixed Platforms.Build.0 = Debug|Any CPU
		{36B281B3-F001-4E1F-8805-5DDBAD40B9BA}.Debug|x86.ActiveCfg = Debug|Any CPU
		{36B281B3-F001-4E1F-8805-5DDBAD40B9BA}.DVD-5|Any CPU.ActiveCfg = Debug|Any CPU
		{36B281B3-F001-4E1F-8805-5DDBAD40B9BA}.DVD-5|Any CPU.Build.0 = Debug|Any CPU
		{36B281B3-F001-4E1F-8805-5DDBAD40B9BA}.DVD-5|Mixed Platforms.ActiveCfg = Debug|Any CPU
		{36B281B3-F001-4E1F-8805-5DDBAD40B9BA}.DVD-5|Mixed Platforms.Build.0 = Debug|Any CPU
		{36B281B3-F001-4E1F-8805-5DDBAD40B9BA}.DVD-5|x86.ActiveCfg = Debug|Any CPU
		{36B281B3-F001-4E1F-8805-5DDBAD40B9BA}.Release|Any CPU.ActiveCfg = Release|Any CPU
		{36B281B3-F001-4E1F-8805-5DDBAD40B9BA}.Release|Any CPU.Build.0 = Release|Any CPU
		{36B281B3-F001-4E1F-8805-5DDBAD40B9BA}.Release|Mixed Platforms.ActiveCfg = Release|Any CPU
		{36B281B3-F001-4E1F-8805-5DDBAD40B9BA}.Release|Mixed Platforms.Build.0 = Release|Any CPU
		{36B281B3-F001-4E1F-8805-5DDBAD40B9BA}.Release|x86.ActiveCfg = Release|Any CPU
		{36B281B3-F001-4E1F-8805-5DDBAD40B9BA}.SingleImage|Any CPU.ActiveCfg = Release|Any CPU
		{36B281B3-F001-4E1F-8805-5DDBAD40B9BA}.SingleImage|Any CPU.Build.0 = Release|Any CPU
		{36B281B3-F001-4E1F-8805-5DDBAD40B9BA}.SingleImage|Mixed Platforms.ActiveCfg = Release|Any CPU
		{36B281B3-F001-4E1F-8805-5DDBAD40B9BA}.SingleImage|Mixed Platforms.Build.0 = Release|Any CPU
		{36B281B3-F001-4E1F-8805-5DDBAD40B9BA}.SingleImage|x86.ActiveCfg = Release|Any CPU
		{64F8B3B9-E5D7-42D5-BD84-FDF63F49AB7B}.CD_ROM|Any CPU.ActiveCfg = Release|x86
		{64F8B3B9-E5D7-42D5-BD84-FDF63F49AB7B}.CD_ROM|Mixed Platforms.ActiveCfg = Release|x86
		{64F8B3B9-E5D7-42D5-BD84-FDF63F49AB7B}.CD_ROM|Mixed Platforms.Build.0 = Release|x86
		{64F8B3B9-E5D7-42D5-BD84-FDF63F49AB7B}.CD_ROM|x86.ActiveCfg = Release|x86
		{64F8B3B9-E5D7-42D5-BD84-FDF63F49AB7B}.CD_ROM|x86.Build.0 = Release|x86
		{64F8B3B9-E5D7-42D5-BD84-FDF63F49AB7B}.Debug|Any CPU.ActiveCfg = Debug|x86
		{64F8B3B9-E5D7-42D5-BD84-FDF63F49AB7B}.Debug|Mixed Platforms.ActiveCfg = Debug|x86
		{64F8B3B9-E5D7-42D5-BD84-FDF63F49AB7B}.Debug|Mixed Platforms.Build.0 = Debug|x86
		{64F8B3B9-E5D7-42D5-BD84-FDF63F49AB7B}.Debug|x86.ActiveCfg = Debug|x86
		{64F8B3B9-E5D7-42D5-BD84-FDF63F49AB7B}.Debug|x86.Build.0 = Debug|x86
		{64F8B3B9-E5D7-42D5-BD84-FDF63F49AB7B}.DVD-5|Any CPU.ActiveCfg = Debug|x86
		{64F8B3B9-E5D7-42D5-BD84-FDF63F49AB7B}.DVD-5|Mixed Platforms.ActiveCfg = Debug|x86
		{64F8B3B9-E5D7-42D5-BD84-FDF63F49AB7B}.DVD-5|Mixed Platforms.Build.0 = Debug|x86
		{64F8B3B9-E5D7-42D5-BD84-FDF63F49AB7B}.DVD-5|x86.ActiveCfg = Debug|x86
		{64F8B3B9-E5D7-42D5-BD84-FDF63F49AB7B}.DVD-5|x86.Build.0 = Debug|x86
		{64F8B3B9-E5D7-42D5-BD84-FDF63F49AB7B}.Release|Any CPU.ActiveCfg = Release|x86
		{64F8B3B9-E5D7-42D5-BD84-FDF63F49AB7B}.Release|Mixed Platforms.ActiveCfg = Release|x86
		{64F8B3B9-E5D7-42D5-BD84-FDF63F49AB7B}.Release|Mixed Platforms.Build.0 = Release|x86
		{64F8B3B9-E5D7-42D5-BD84-FDF63F49AB7B}.Release|x86.ActiveCfg = Release|x86
		{64F8B3B9-E5D7-42D5-BD84-FDF63F49AB7B}.Release|x86.Build.0 = Release|x86
		{64F8B3B9-E5D7-42D5-BD84-FDF63F49AB7B}.SingleImage|Any CPU.ActiveCfg = Release|x86
		{64F8B3B9-E5D7-42D5-BD84-FDF63F49AB7B}.SingleImage|Mixed Platforms.ActiveCfg = Release|x86
		{64F8B3B9-E5D7-42D5-BD84-FDF63F49AB7B}.SingleImage|Mixed Platforms.Build.0 = Release|x86
		{64F8B3B9-E5D7-42D5-BD84-FDF63F49AB7B}.SingleImage|x86.ActiveCfg = Release|x86
		{64F8B3B9-E5D7-42D5-BD84-FDF63F49AB7B}.SingleImage|x86.Build.0 = Release|x86
	EndGlobalSection
	GlobalSection(SolutionProperties) = preSolution
		HideSolutionNode = FALSE
	EndGlobalSection
EndGlobal
